
Microsoft Visual Studio Solution File, Format Version 12.00
# Visual Studio Express 2012 for Windows Desktop
Project("{FAE04EC0-301F-11D3-BF4B-00C04F79EFBC}") = "Assignment_11", "Assignment8\Assignment_11.csproj", "{593EA995-9C99-4661-8DE3-35CF1118C40C}"
EndProject
Project("{FAE04EC0-301F-11D3-BF4B-00C04F79EFBC}") = "SchoolStudent", "School_Student\SchoolStudent.csproj", "{53358530-63EB-4C95-A604-7803587AE8E1}"
	ProjectSection(ProjectDependencies) = postProject
		{593EA995-9C99-4661-8DE3-35CF1118C40C} = {593EA995-9C99-4661-8DE3-35CF1118C40C}
	EndProjectSection
EndProject
Project("{FAE04EC0-301F-11D3-BF4B-00C04F79EFBC}") = "StudentNameSpace", "Student\StudentNameSpace.csproj", "{62EDBB9E-3806-477F-8138-59355F45699A}"
EndProject
Project("{FAE04EC0-301F-11D3-BF4B-00C04F79EFBC}") = "CollegeStudent", "CollegeStudent\CollegeStudent.csproj", "{176D2997-D654-4B1C-9528-54B827E4671D}"
EndProject
Global
	GlobalSection(SolutionConfigurationPlatforms) = preSolution
		Debug|Any CPU = Debug|Any CPU
		Release|Any CPU = Release|Any CPU
	EndGlobalSection
	GlobalSection(ProjectConfigurationPlatforms) = postSolution
		{593EA995-9C99-4661-8DE3-35CF1118C40C}.Debug|Any CPU.ActiveCfg = Debug|Any CPU
		{593EA995-9C99-4661-8DE3-35CF1118C40C}.Debug|Any CPU.Build.0 = Debug|Any CPU
		{593EA995-9C99-4661-8DE3-35CF1118C40C}.Release|Any CPU.ActiveCfg = Release|Any CPU
		{593EA995-9C99-4661-8DE3-35CF1118C40C}.Release|Any CPU.Build.0 = Release|Any CPU
		{53358530-63EB-4C95-A604-7803587AE8E1}.Debug|Any CPU.ActiveCfg = Debug|Any CPU
		{53358530-63EB-4C95-A604-7803587AE8E1}.Debug|Any CPU.Build.0 = Debug|Any CPU
		{53358530-63EB-4C95-A604-7803587AE8E1}.Release|Any CPU.ActiveCfg = Release|Any CPU
		{53358530-63EB-4C95-A604-7803587AE8E1}.Release|Any CPU.Build.0 = Release|Any CPU
		{62EDBB9E-3806-477F-8138-59355F45699A}.Debug|Any CPU.ActiveCfg = Debug|Any CPU
		{62EDBB9E-3806-477F-8138-59355F45699A}.Debug|Any CPU.Build.0 = Debug|Any CPU
		{62EDBB9E-3806-477F-8138-59355F45699A}.Release|Any CPU.ActiveCfg = Release|Any CPU
		{62EDBB9E-3806-477F-8138-59355F45699A}.Release|Any CPU.Build.0 = Release|Any CPU
		{176D2997-D654-4B1C-9528-54B827E4671D}.Debug|Any CPU.ActiveCfg = Debug|Any CPU
		{176D2997-D654-4B1C-9528-54B827E4671D}.Debug|Any CPU.Build.0 = Debug|Any CPU
		{176D2997-D654-4B1C-9528-54B827E4671D}.Release|Any CPU.ActiveCfg = Release|Any CPU
		{176D2997-D654-4B1C-9528-54B827E4671D}.Release|Any CPU.Build.0 = Release|Any CPU
	EndGlobalSection
	GlobalSection(SolutionProperties) = preSolution
		HideSolutionNode = FALSE
	EndGlobalSection
EndGlobal
